
Microsoft Visual Studio Solution File, Format Version 12.00
# Visual Studio Version 17
VisualStudioVersion = 17.4.33205.214
MinimumVisualStudioVersion = 10.0.40219.1
Project("{FAE04EC0-301F-11D3-BF4B-00C04F79EFBC}") = "rm.Android", "rm.Android\rm.Android.csproj", "{8E513662-BBBB-4A5F-B354-B460ACFC1630}"
EndProject
Project("{FAE04EC0-301F-11D3-BF4B-00C04F79EFBC}") = "rm.iOS", "rm.iOS\rm.iOS.csproj", "{85338F6D-D849-4E84-8B72-FA80C977A462}"
EndProject
Project("{FAE04EC0-301F-11D3-BF4B-00C04F79EFBC}") = "rm", "rm\rm.csproj", "{F1743702-1A69-4A73-A512-E7776FE29491}"
EndProject
Global
	GlobalSection(SolutionConfigurationPlatforms) = preSolution
		Debug|Any CPU = Debug|Any CPU
		Debug|iPhone = Debug|iPhone
		Debug|iPhoneSimulator = Debug|iPhoneSimulator
		Release|Any CPU = Release|Any CPU
		Release|iPhone = Release|iPhone
		Release|iPhoneSimulator = Release|iPhoneSimulator
	EndGlobalSection
	GlobalSection(ProjectConfigurationPlatforms) = postSolution
		{8E513662-BBBB-4A5F-B354-B460ACFC1630}.Debug|Any CPU.ActiveCfg = Debug|Any CPU
		{8E513662-BBBB-4A5F-B354-B460ACFC1630}.Debug|Any CPU.Build.0 = Debug|Any CPU
		{8E513662-BBBB-4A5F-B354-B460ACFC1630}.Debug|Any CPU.Deploy.0 = Debug|Any CPU
		{8E513662-BBBB-4A5F-B354-B460ACFC1630}.Debug|iPhone.ActiveCfg = Debug|Any CPU
		{8E513662-BBBB-4A5F-B354-B460ACFC1630}.Debug|iPhone.Build.0 = Debug|Any CPU
		{8E513662-BBBB-4A5F-B354-B460ACFC1630}.Debug|iPhone.Deploy.0 = Debug|Any CPU
		{8E513662-BBBB-4A5F-B354-B460ACFC1630}.Debug|iPhoneSimulator.ActiveCfg = Debug|Any CPU
		{8E513662-BBBB-4A5F-B354-B460ACFC1630}.Debug|iPhoneSimulator.Build.0 = Debug|Any CPU
		{8E513662-BBBB-4A5F-B354-B460ACFC1630}.Debug|iPhoneSimulator.Deploy.0 = Debug|Any CPU
		{8E513662-BBBB-4A5F-B354-B460ACFC1630}.Release|Any CPU.ActiveCfg = Release|Any CPU
		{8E513662-BBBB-4A5F-B354-B460ACFC1630}.Release|Any CPU.Build.0 = Release|Any CPU
		{8E513662-BBBB-4A5F-B354-B460ACFC1630}.Release|Any CPU.Deploy.0 = Release|Any CPU
		{8E513662-BBBB-4A5F-B354-B460ACFC1630}.Release|iPhone.ActiveCfg = Release|Any CPU
		{8E513662-BBBB-4A5F-B354-B460ACFC1630}.Release|iPhone.Build.0 = Release|Any CPU
		{8E513662-BBBB-4A5F-B354-B460ACFC1630}.Release|iPhone.Deploy.0 = Release|Any CPU
		{8E513662-BBBB-4A5F-B354-B460ACFC1630}.Release|iPhoneSimulator.ActiveCfg = Release|Any CPU
		{8E513662-BBBB-4A5F-B354-B460ACFC1630}.Release|iPhoneSimulator.Build.0 = Release|Any CPU
		{8E513662-BBBB-4A5F-B354-B460ACFC1630}.Release|iPhoneSimulator.Deploy.0 = Release|Any CPU
		{85338F6D-D849-4E84-8B72-FA80C977A462}.Debug|Any CPU.ActiveCfg = Debug|iPhone
		{85338F6D-D849-4E84-8B72-FA80C977A462}.Debug|Any CPU.Build.0 = Debug|iPhone
		{85338F6D-D849-4E84-8B72-FA80C977A462}.Debug|Any CPU.Deploy.0 = Debug|iPhone
		{85338F6D-D849-4E84-8B72-FA80C977A462}.Debug|iPhone.ActiveCfg = Debug|iPhone
		{85338F6D-D849-4E84-8B72-FA80C977A462}.Debug|iPhone.Build.0 = Debug|iPhone
		{85338F6D-D849-4E84-8B72-FA80C977A462}.Debug|iPhone.Deploy.0 = Debug|iPhone
		{85338F6D-D849-4E84-8B72-FA80C977A462}.Debug|iPhoneSimulator.ActiveCfg = Debug|iPhoneSimulator
		{85338F6D-D849-4E84-8B72-FA80C977A462}.Debug|iPhoneSimulator.Build.0 = Debug|iPhoneSimulator
		{85338F6D-D849-4E84-8B72-FA80C977A462}.Debug|iPhoneSimulator.Deploy.0 = Debug|iPhoneSimulator
		{85338F6D-D849-4E84-8B72-FA80C977A462}.Release|Any CPU.ActiveCfg = Release|iPhoneSimulator
		{85338F6D-D849-4E84-8B72-FA80C977A462}.Release|Any CPU.Build.0 = Release|iPhoneSimulator
		{85338F6D-D849-4E84-8B72-FA80C977A462}.Release|Any CPU.Deploy.0 = Release|iPhoneSimulator
		{85338F6D-D849-4E84-8B72-FA80C977A462}.Release|iPhone.ActiveCfg = Release|iPhone
		{85338F6D-D849-4E84-8B72-FA80C977A462}.Release|iPhone.Build.0 = Release|iPhone
		{85338F6D-D849-4E84-8B72-FA80C977A462}.Release|iPhone.Deploy.0 = Release|iPhone
		{85338F6D-D849-4E84-8B72-FA80C977A462}.Release|iPhoneSimulator.ActiveCfg = Release|iPhoneSimulator
		{85338F6D-D849-4E84-8B72-FA80C977A462}.Release|iPhoneSimulator.Build.0 = Release|iPhoneSimulator
		{85338F6D-D849-4E84-8B72-FA80C977A462}.Release|iPhoneSimulator.Deploy.0 = Release|iPhoneSimulator
		{F1743702-1A69-4A73-A512-E7776FE29491}.Debug|Any CPU.ActiveCfg = Debug|Any CPU
		{F1743702-1A69-4A73-A512-E7776FE29491}.Debug|Any CPU.Build.0 = Debug|Any CPU
		{F1743702-1A69-4A73-A512-E7776FE29491}.Debug|Any CPU.Deploy.0 = Debug|Any CPU
		{F1743702-1A69-4A73-A512-E7776FE29491}.Debug|iPhone.ActiveCfg = Debug|Any CPU
		{F1743702-1A69-4A73-A512-E7776FE29491}.Debug|iPhone.Build.0 = Debug|Any CPU
		{F1743702-1A69-4A73-A512-E7776FE29491}.Debug|iPhone.Deploy.0 = Debug|Any CPU
		{F1743702-1A69-4A73-A512-E7776FE29491}.Debug|iPhoneSimulator.ActiveCfg = Debug|Any CPU
		{F1743702-1A69-4A73-A512-E7776FE29491}.Debug|iPhoneSimulator.Build.0 = Debug|Any CPU
		{F1743702-1A69-4A73-A512-E7776FE29491}.Debug|iPhoneSimulator.Deploy.0 = Debug|Any CPU
		{F1743702-1A69-4A73-A512-E7776FE29491}.Release|Any CPU.ActiveCfg = Release|Any CPU
		{F1743702-1A69-4A73-A512-E7776FE29491}.Release|Any CPU.Build.0 = Release|Any CPU
		{F1743702-1A69-4A73-A512-E7776FE29491}.Release|Any CPU.Deploy.0 = Release|Any CPU
		{F1743702-1A69-4A73-A512-E7776FE29491}.Release|iPhone.ActiveCfg = Release|Any CPU
		{F1743702-1A69-4A73-A512-E7776FE29491}.Release|iPhone.Build.0 = Release|Any CPU
		{F1743702-1A69-4A73-A512-E7776FE29491}.Release|iPhone.Deploy.0 = Release|Any CPU
		{F1743702-1A69-4A73-A512-E7776FE29491}.Release|iPhoneSimulator.ActiveCfg = Release|Any CPU
		{F1743702-1A69-4A73-A512-E7776FE29491}.Release|iPhoneSimulator.Build.0 = Release|Any CPU
		{F1743702-1A69-4A73-A512-E7776FE29491}.Release|iPhoneSimulator.Deploy.0 = Release|Any CPU
	EndGlobalSection
	GlobalSection(SolutionProperties) = preSolution
		HideSolutionNode = FALSE
	EndGlobalSection
	GlobalSection(ExtensibilityGlobals) = postSolution
		SolutionGuid = {851A52F3-06F0-453D-9E5A-1F2C9513C615}
	EndGlobalSection
EndGlobal
